
Microsoft Visual Studio Solution File, Format Version 12.00
# Visual Studio 15
VisualStudioVersion = 15.0.28307.329
MinimumVisualStudioVersion = 10.0.40219.1
Project("{FAE04EC0-301F-11D3-BF4B-00C04F79EFBC}") = "ex A", "ex A\ex A.csproj", "{871E51EA-5CD6-419E-9C62-9D34C108277F}"
EndProject
Global
	GlobalSection(SolutionConfigurationPlatforms) = preSolution
		Debug|Any CPU = Debug|Any CPU
		Release|Any CPU = Release|Any CPU
	EndGlobalSection
	GlobalSection(ProjectConfigurationPlatforms) = postSolution
		{871E51EA-5CD6-419E-9C62-9D34C108277F}.Debug|Any CPU.ActiveCfg = Debug|Any CPU
		{871E51EA-5CD6-419E-9C62-9D34C108277F}.Debug|Any CPU.Build.0 = Debug|Any CPU
		{871E51EA-5CD6-419E-9C62-9D34C108277F}.Release|Any CPU.ActiveCfg = Release|Any CPU
		{871E51EA-5CD6-419E-9C62-9D34C108277F}.Release|Any CPU.Build.0 = Release|Any CPU
	EndGlobalSection
	GlobalSection(SolutionProperties) = preSolution
		HideSolutionNode = FALSE
	EndGlobalSection
	GlobalSection(ExtensibilityGlobals) = postSolution
		SolutionGuid = {2DD145DE-2CF1-4AA5-B694-18663DA72987}
	EndGlobalSection
EndGlobal
