
Microsoft Visual Studio Solution File, Format Version 12.00
# Visual Studio Version 16
VisualStudioVersion = 16.0.29215.179
MinimumVisualStudioVersion = 10.0.40219.1
Project("{FAE04EC0-301F-11D3-BF4B-00C04F79EFBC}") = "Exercício 6", "Exercício 6\Exercício 6.csproj", "{CD59C04B-4F03-401A-9310-7D94D0CE759F}"
EndProject
Global
	GlobalSection(SolutionConfigurationPlatforms) = preSolution
		Debug|Any CPU = Debug|Any CPU
		Release|Any CPU = Release|Any CPU
	EndGlobalSection
	GlobalSection(ProjectConfigurationPlatforms) = postSolution
		{CD59C04B-4F03-401A-9310-7D94D0CE759F}.Debug|Any CPU.ActiveCfg = Debug|Any CPU
		{CD59C04B-4F03-401A-9310-7D94D0CE759F}.Debug|Any CPU.Build.0 = Debug|Any CPU
		{CD59C04B-4F03-401A-9310-7D94D0CE759F}.Release|Any CPU.ActiveCfg = Release|Any CPU
		{CD59C04B-4F03-401A-9310-7D94D0CE759F}.Release|Any CPU.Build.0 = Release|Any CPU
	EndGlobalSection
	GlobalSection(SolutionProperties) = preSolution
		HideSolutionNode = FALSE
	EndGlobalSection
	GlobalSection(ExtensibilityGlobals) = postSolution
		SolutionGuid = {2F9AF632-9A7F-4D56-A9E8-54044B1D4FB1}
	EndGlobalSection
EndGlobal
