
Microsoft Visual Studio Solution File, Format Version 12.00
# Visual Studio Version 16
VisualStudioVersion = 16.0.29215.179
MinimumVisualStudioVersion = 10.0.40219.1
Project("{FAE04EC0-301F-11D3-BF4B-00C04F79EFBC}") = "Exercício F", "Exercício F\Exercício F.csproj", "{5A0A8B63-A30F-4656-AF2D-7E281C845475}"
EndProject
Global
	GlobalSection(SolutionConfigurationPlatforms) = preSolution
		Debug|Any CPU = Debug|Any CPU
		Release|Any CPU = Release|Any CPU
	EndGlobalSection
	GlobalSection(ProjectConfigurationPlatforms) = postSolution
		{5A0A8B63-A30F-4656-AF2D-7E281C845475}.Debug|Any CPU.ActiveCfg = Debug|Any CPU
		{5A0A8B63-A30F-4656-AF2D-7E281C845475}.Debug|Any CPU.Build.0 = Debug|Any CPU
		{5A0A8B63-A30F-4656-AF2D-7E281C845475}.Release|Any CPU.ActiveCfg = Release|Any CPU
		{5A0A8B63-A30F-4656-AF2D-7E281C845475}.Release|Any CPU.Build.0 = Release|Any CPU
	EndGlobalSection
	GlobalSection(SolutionProperties) = preSolution
		HideSolutionNode = FALSE
	EndGlobalSection
	GlobalSection(ExtensibilityGlobals) = postSolution
		SolutionGuid = {4A6E15B8-DAAA-4944-8894-85A73D3C4FA6}
	EndGlobalSection
EndGlobal
