
Microsoft Visual Studio Solution File, Format Version 12.00
# Visual Studio Version 16
VisualStudioVersion = 16.0.29215.179
MinimumVisualStudioVersion = 10.0.40219.1
Project("{FAE04EC0-301F-11D3-BF4B-00C04F79EFBC}") = "Exercício K", "Exercício K\Exercício K.csproj", "{FCB8D1C5-3D97-4F9C-9301-4EEF0B8AA0C0}"
EndProject
Global
	GlobalSection(SolutionConfigurationPlatforms) = preSolution
		Debug|Any CPU = Debug|Any CPU
		Release|Any CPU = Release|Any CPU
	EndGlobalSection
	GlobalSection(ProjectConfigurationPlatforms) = postSolution
		{FCB8D1C5-3D97-4F9C-9301-4EEF0B8AA0C0}.Debug|Any CPU.ActiveCfg = Debug|Any CPU
		{FCB8D1C5-3D97-4F9C-9301-4EEF0B8AA0C0}.Debug|Any CPU.Build.0 = Debug|Any CPU
		{FCB8D1C5-3D97-4F9C-9301-4EEF0B8AA0C0}.Release|Any CPU.ActiveCfg = Release|Any CPU
		{FCB8D1C5-3D97-4F9C-9301-4EEF0B8AA0C0}.Release|Any CPU.Build.0 = Release|Any CPU
	EndGlobalSection
	GlobalSection(SolutionProperties) = preSolution
		HideSolutionNode = FALSE
	EndGlobalSection
	GlobalSection(ExtensibilityGlobals) = postSolution
		SolutionGuid = {DF0CEAE0-E792-4641-9500-F9AC2D748085}
	EndGlobalSection
EndGlobal
