
Microsoft Visual Studio Solution File, Format Version 12.00
# Visual Studio 15
VisualStudioVersion = 15.0.28307.329
MinimumVisualStudioVersion = 10.0.40219.1
Project("{FAE04EC0-301F-11D3-BF4B-00C04F79EFBC}") = "pag89 - B", "pag89 - B\pag89 - B.csproj", "{1DDF8142-B5FC-4DE6-9673-DCC6A32FF9D9}"
EndProject
Global
	GlobalSection(SolutionConfigurationPlatforms) = preSolution
		Debug|Any CPU = Debug|Any CPU
		Release|Any CPU = Release|Any CPU
	EndGlobalSection
	GlobalSection(ProjectConfigurationPlatforms) = postSolution
		{1DDF8142-B5FC-4DE6-9673-DCC6A32FF9D9}.Debug|Any CPU.ActiveCfg = Debug|Any CPU
		{1DDF8142-B5FC-4DE6-9673-DCC6A32FF9D9}.Debug|Any CPU.Build.0 = Debug|Any CPU
		{1DDF8142-B5FC-4DE6-9673-DCC6A32FF9D9}.Release|Any CPU.ActiveCfg = Release|Any CPU
		{1DDF8142-B5FC-4DE6-9673-DCC6A32FF9D9}.Release|Any CPU.Build.0 = Release|Any CPU
	EndGlobalSection
	GlobalSection(SolutionProperties) = preSolution
		HideSolutionNode = FALSE
	EndGlobalSection
	GlobalSection(ExtensibilityGlobals) = postSolution
		SolutionGuid = {6261D063-D257-464B-8ADD-8520AA5BB2C6}
	EndGlobalSection
EndGlobal
