
Microsoft Visual Studio Solution File, Format Version 12.00
# Visual Studio Version 16
VisualStudioVersion = 16.0.29215.179
MinimumVisualStudioVersion = 10.0.40219.1
Project("{FAE04EC0-301F-11D3-BF4B-00C04F79EFBC}") = "Exercício G", "Exercício G\Exercício G.csproj", "{E420E1DB-CC18-42B5-9CFE-2854690A0A2E}"
EndProject
Global
	GlobalSection(SolutionConfigurationPlatforms) = preSolution
		Debug|Any CPU = Debug|Any CPU
		Release|Any CPU = Release|Any CPU
	EndGlobalSection
	GlobalSection(ProjectConfigurationPlatforms) = postSolution
		{E420E1DB-CC18-42B5-9CFE-2854690A0A2E}.Debug|Any CPU.ActiveCfg = Debug|Any CPU
		{E420E1DB-CC18-42B5-9CFE-2854690A0A2E}.Debug|Any CPU.Build.0 = Debug|Any CPU
		{E420E1DB-CC18-42B5-9CFE-2854690A0A2E}.Release|Any CPU.ActiveCfg = Release|Any CPU
		{E420E1DB-CC18-42B5-9CFE-2854690A0A2E}.Release|Any CPU.Build.0 = Release|Any CPU
	EndGlobalSection
	GlobalSection(SolutionProperties) = preSolution
		HideSolutionNode = FALSE
	EndGlobalSection
	GlobalSection(ExtensibilityGlobals) = postSolution
		SolutionGuid = {E7A76B41-058F-446B-BF5D-C8468259DBE1}
	EndGlobalSection
EndGlobal
