
Microsoft Visual Studio Solution File, Format Version 12.00
# Visual Studio Version 16
VisualStudioVersion = 16.0.29215.179
MinimumVisualStudioVersion = 10.0.40219.1
Project("{FAE04EC0-301F-11D3-BF4B-00C04F79EFBC}") = "ex - teste", "ex - teste\ex - teste.csproj", "{35F6C0F8-0942-4D73-B725-4111C100051C}"
EndProject
Global
	GlobalSection(SolutionConfigurationPlatforms) = preSolution
		Debug|Any CPU = Debug|Any CPU
		Release|Any CPU = Release|Any CPU
	EndGlobalSection
	GlobalSection(ProjectConfigurationPlatforms) = postSolution
		{35F6C0F8-0942-4D73-B725-4111C100051C}.Debug|Any CPU.ActiveCfg = Debug|Any CPU
		{35F6C0F8-0942-4D73-B725-4111C100051C}.Debug|Any CPU.Build.0 = Debug|Any CPU
		{35F6C0F8-0942-4D73-B725-4111C100051C}.Release|Any CPU.ActiveCfg = Release|Any CPU
		{35F6C0F8-0942-4D73-B725-4111C100051C}.Release|Any CPU.Build.0 = Release|Any CPU
	EndGlobalSection
	GlobalSection(SolutionProperties) = preSolution
		HideSolutionNode = FALSE
	EndGlobalSection
	GlobalSection(ExtensibilityGlobals) = postSolution
		SolutionGuid = {E34D961F-53C5-4F8F-BD15-76E756932D8D}
	EndGlobalSection
EndGlobal
