
Microsoft Visual Studio Solution File, Format Version 12.00
# Visual Studio Version 16
VisualStudioVersion = 16.0.29215.179
MinimumVisualStudioVersion = 10.0.40219.1
Project("{FAE04EC0-301F-11D3-BF4B-00C04F79EFBC}") = "Exercício H", "Exercício H\Exercício H.csproj", "{F797ED0A-5BAC-4FCF-9371-AEB3C0EEA6C5}"
EndProject
Global
	GlobalSection(SolutionConfigurationPlatforms) = preSolution
		Debug|Any CPU = Debug|Any CPU
		Release|Any CPU = Release|Any CPU
	EndGlobalSection
	GlobalSection(ProjectConfigurationPlatforms) = postSolution
		{F797ED0A-5BAC-4FCF-9371-AEB3C0EEA6C5}.Debug|Any CPU.ActiveCfg = Debug|Any CPU
		{F797ED0A-5BAC-4FCF-9371-AEB3C0EEA6C5}.Debug|Any CPU.Build.0 = Debug|Any CPU
		{F797ED0A-5BAC-4FCF-9371-AEB3C0EEA6C5}.Release|Any CPU.ActiveCfg = Release|Any CPU
		{F797ED0A-5BAC-4FCF-9371-AEB3C0EEA6C5}.Release|Any CPU.Build.0 = Release|Any CPU
	EndGlobalSection
	GlobalSection(SolutionProperties) = preSolution
		HideSolutionNode = FALSE
	EndGlobalSection
	GlobalSection(ExtensibilityGlobals) = postSolution
		SolutionGuid = {DBADB275-7DC4-4CEE-ADC6-5B0BCD2D2C61}
	EndGlobalSection
EndGlobal
