
Microsoft Visual Studio Solution File, Format Version 12.00
# Visual Studio Version 16
VisualStudioVersion = 16.0.29215.179
MinimumVisualStudioVersion = 10.0.40219.1
Project("{FAE04EC0-301F-11D3-BF4B-00C04F79EFBC}") = "exH pag 100", "exH pag 100\exH pag 100.csproj", "{8A5F3185-54D9-4B9D-9181-E19F3E437948}"
EndProject
Global
	GlobalSection(SolutionConfigurationPlatforms) = preSolution
		Debug|Any CPU = Debug|Any CPU
		Release|Any CPU = Release|Any CPU
	EndGlobalSection
	GlobalSection(ProjectConfigurationPlatforms) = postSolution
		{8A5F3185-54D9-4B9D-9181-E19F3E437948}.Debug|Any CPU.ActiveCfg = Debug|Any CPU
		{8A5F3185-54D9-4B9D-9181-E19F3E437948}.Debug|Any CPU.Build.0 = Debug|Any CPU
		{8A5F3185-54D9-4B9D-9181-E19F3E437948}.Release|Any CPU.ActiveCfg = Release|Any CPU
		{8A5F3185-54D9-4B9D-9181-E19F3E437948}.Release|Any CPU.Build.0 = Release|Any CPU
	EndGlobalSection
	GlobalSection(SolutionProperties) = preSolution
		HideSolutionNode = FALSE
	EndGlobalSection
	GlobalSection(ExtensibilityGlobals) = postSolution
		SolutionGuid = {C8A1F7AE-9FE9-4A5B-97C3-C3A0BA258EB7}
	EndGlobalSection
EndGlobal
