
Microsoft Visual Studio Solution File, Format Version 12.00
# Visual Studio Version 16
VisualStudioVersion = 16.0.29215.179
MinimumVisualStudioVersion = 10.0.40219.1
Project("{FAE04EC0-301F-11D3-BF4B-00C04F79EFBC}") = "Pesquisa Sequencial", "Pesquisa Sequencial\Pesquisa Sequencial.csproj", "{050609DD-704D-40DD-96F5-01A12D4E8F24}"
EndProject
Global
	GlobalSection(SolutionConfigurationPlatforms) = preSolution
		Debug|Any CPU = Debug|Any CPU
		Release|Any CPU = Release|Any CPU
	EndGlobalSection
	GlobalSection(ProjectConfigurationPlatforms) = postSolution
		{050609DD-704D-40DD-96F5-01A12D4E8F24}.Debug|Any CPU.ActiveCfg = Debug|Any CPU
		{050609DD-704D-40DD-96F5-01A12D4E8F24}.Debug|Any CPU.Build.0 = Debug|Any CPU
		{050609DD-704D-40DD-96F5-01A12D4E8F24}.Release|Any CPU.ActiveCfg = Release|Any CPU
		{050609DD-704D-40DD-96F5-01A12D4E8F24}.Release|Any CPU.Build.0 = Release|Any CPU
	EndGlobalSection
	GlobalSection(SolutionProperties) = preSolution
		HideSolutionNode = FALSE
	EndGlobalSection
	GlobalSection(ExtensibilityGlobals) = postSolution
		SolutionGuid = {674CAC62-81DB-4A25-98DC-7E95A8D79960}
	EndGlobalSection
EndGlobal
