
Microsoft Visual Studio Solution File, Format Version 12.00
# Visual Studio Version 16
VisualStudioVersion = 16.0.29215.179
MinimumVisualStudioVersion = 10.0.40219.1
Project("{FAE04EC0-301F-11D3-BF4B-00C04F79EFBC}") = "Exercício C", "Exercício C\Exercício C.csproj", "{C1468A82-4795-4CAB-91CB-D3F6E8D29D57}"
EndProject
Global
	GlobalSection(SolutionConfigurationPlatforms) = preSolution
		Debug|Any CPU = Debug|Any CPU
		Release|Any CPU = Release|Any CPU
	EndGlobalSection
	GlobalSection(ProjectConfigurationPlatforms) = postSolution
		{C1468A82-4795-4CAB-91CB-D3F6E8D29D57}.Debug|Any CPU.ActiveCfg = Debug|Any CPU
		{C1468A82-4795-4CAB-91CB-D3F6E8D29D57}.Debug|Any CPU.Build.0 = Debug|Any CPU
		{C1468A82-4795-4CAB-91CB-D3F6E8D29D57}.Release|Any CPU.ActiveCfg = Release|Any CPU
		{C1468A82-4795-4CAB-91CB-D3F6E8D29D57}.Release|Any CPU.Build.0 = Release|Any CPU
	EndGlobalSection
	GlobalSection(SolutionProperties) = preSolution
		HideSolutionNode = FALSE
	EndGlobalSection
	GlobalSection(ExtensibilityGlobals) = postSolution
		SolutionGuid = {67041D87-1742-4BA5-AF78-98668A192379}
	EndGlobalSection
EndGlobal
