
Microsoft Visual Studio Solution File, Format Version 12.00
# Visual Studio Version 16
VisualStudioVersion = 16.0.29215.179
MinimumVisualStudioVersion = 10.0.40219.1
Project("{FAE04EC0-301F-11D3-BF4B-00C04F79EFBC}") = "Exercício G", "Exercício G\Exercício G.csproj", "{7E2CD9A7-DBFB-4115-93D6-E1A13C7258A9}"
EndProject
Global
	GlobalSection(SolutionConfigurationPlatforms) = preSolution
		Debug|Any CPU = Debug|Any CPU
		Release|Any CPU = Release|Any CPU
	EndGlobalSection
	GlobalSection(ProjectConfigurationPlatforms) = postSolution
		{7E2CD9A7-DBFB-4115-93D6-E1A13C7258A9}.Debug|Any CPU.ActiveCfg = Debug|Any CPU
		{7E2CD9A7-DBFB-4115-93D6-E1A13C7258A9}.Debug|Any CPU.Build.0 = Debug|Any CPU
		{7E2CD9A7-DBFB-4115-93D6-E1A13C7258A9}.Release|Any CPU.ActiveCfg = Release|Any CPU
		{7E2CD9A7-DBFB-4115-93D6-E1A13C7258A9}.Release|Any CPU.Build.0 = Release|Any CPU
	EndGlobalSection
	GlobalSection(SolutionProperties) = preSolution
		HideSolutionNode = FALSE
	EndGlobalSection
	GlobalSection(ExtensibilityGlobals) = postSolution
		SolutionGuid = {FCE93263-C2AA-47D3-AD28-D0795AB2630C}
	EndGlobalSection
EndGlobal
