
Microsoft Visual Studio Solution File, Format Version 12.00
# Visual Studio Version 16
VisualStudioVersion = 16.0.29215.179
MinimumVisualStudioVersion = 10.0.40219.1
Project("{FAE04EC0-301F-11D3-BF4B-00C04F79EFBC}") = "Exercício H", "Exercício H\Exercício H.csproj", "{6C0B353F-6645-46E6-BF28-38B05207813E}"
EndProject
Global
	GlobalSection(SolutionConfigurationPlatforms) = preSolution
		Debug|Any CPU = Debug|Any CPU
		Release|Any CPU = Release|Any CPU
	EndGlobalSection
	GlobalSection(ProjectConfigurationPlatforms) = postSolution
		{6C0B353F-6645-46E6-BF28-38B05207813E}.Debug|Any CPU.ActiveCfg = Debug|Any CPU
		{6C0B353F-6645-46E6-BF28-38B05207813E}.Debug|Any CPU.Build.0 = Debug|Any CPU
		{6C0B353F-6645-46E6-BF28-38B05207813E}.Release|Any CPU.ActiveCfg = Release|Any CPU
		{6C0B353F-6645-46E6-BF28-38B05207813E}.Release|Any CPU.Build.0 = Release|Any CPU
	EndGlobalSection
	GlobalSection(SolutionProperties) = preSolution
		HideSolutionNode = FALSE
	EndGlobalSection
	GlobalSection(ExtensibilityGlobals) = postSolution
		SolutionGuid = {37E71BB0-9635-43D0-988B-1561FD384D6C}
	EndGlobalSection
EndGlobal
