
Microsoft Visual Studio Solution File, Format Version 12.00
# Visual Studio Version 16
VisualStudioVersion = 16.0.29215.179
MinimumVisualStudioVersion = 10.0.40219.1
Project("{FAE04EC0-301F-11D3-BF4B-00C04F79EFBC}") = "Exercício J", "Exercício J\Exercício J.csproj", "{4328D1D6-0109-403D-9739-D2D41B759E39}"
EndProject
Global
	GlobalSection(SolutionConfigurationPlatforms) = preSolution
		Debug|Any CPU = Debug|Any CPU
		Release|Any CPU = Release|Any CPU
	EndGlobalSection
	GlobalSection(ProjectConfigurationPlatforms) = postSolution
		{4328D1D6-0109-403D-9739-D2D41B759E39}.Debug|Any CPU.ActiveCfg = Debug|Any CPU
		{4328D1D6-0109-403D-9739-D2D41B759E39}.Debug|Any CPU.Build.0 = Debug|Any CPU
		{4328D1D6-0109-403D-9739-D2D41B759E39}.Release|Any CPU.ActiveCfg = Release|Any CPU
		{4328D1D6-0109-403D-9739-D2D41B759E39}.Release|Any CPU.Build.0 = Release|Any CPU
	EndGlobalSection
	GlobalSection(SolutionProperties) = preSolution
		HideSolutionNode = FALSE
	EndGlobalSection
	GlobalSection(ExtensibilityGlobals) = postSolution
		SolutionGuid = {32959D5E-7E63-4A8A-A9B3-527C8A35774F}
	EndGlobalSection
EndGlobal
