
Microsoft Visual Studio Solution File, Format Version 12.00
# Visual Studio Version 16
VisualStudioVersion = 16.0.29201.188
MinimumVisualStudioVersion = 10.0.40219.1
Project("{FAE04EC0-301F-11D3-BF4B-00C04F79EFBC}") = "Exercício C", "Exercício C\Exercício C.csproj", "{657D4EBA-3A52-4087-809F-D5105D832195}"
EndProject
Global
	GlobalSection(SolutionConfigurationPlatforms) = preSolution
		Debug|Any CPU = Debug|Any CPU
		Release|Any CPU = Release|Any CPU
	EndGlobalSection
	GlobalSection(ProjectConfigurationPlatforms) = postSolution
		{657D4EBA-3A52-4087-809F-D5105D832195}.Debug|Any CPU.ActiveCfg = Debug|Any CPU
		{657D4EBA-3A52-4087-809F-D5105D832195}.Debug|Any CPU.Build.0 = Debug|Any CPU
		{657D4EBA-3A52-4087-809F-D5105D832195}.Release|Any CPU.ActiveCfg = Release|Any CPU
		{657D4EBA-3A52-4087-809F-D5105D832195}.Release|Any CPU.Build.0 = Release|Any CPU
	EndGlobalSection
	GlobalSection(SolutionProperties) = preSolution
		HideSolutionNode = FALSE
	EndGlobalSection
	GlobalSection(ExtensibilityGlobals) = postSolution
		SolutionGuid = {234A75D2-5FD3-46B5-A1CC-BF089EDCCE92}
	EndGlobalSection
EndGlobal
